
Microsoft Visual Studio Solution File, Format Version 12.00
# Visual Studio Version 16
VisualStudioVersion = 16.0.31025.194
MinimumVisualStudioVersion = 10.0.40219.1
Project("{FAE04EC0-301F-11D3-BF4B-00C04F79EFBC}") = "SOA3", "soa3\SOA3.csproj", "{14A4976F-7DB6-4259-AFE8-D7D3A38DF937}"
EndProject
Project("{FAE04EC0-301F-11D3-BF4B-00C04F79EFBC}") = "SOA3.UnitTest", "SOA3.UnitTest\SOA3.UnitTest.csproj", "{72C991EA-7288-483C-96EA-DEF750F532D5}"
EndProject
Global
	GlobalSection(SolutionConfigurationPlatforms) = preSolution
		Debug|Any CPU = Debug|Any CPU
		Release|Any CPU = Release|Any CPU
	EndGlobalSection
	GlobalSection(ProjectConfigurationPlatforms) = postSolution
		{14A4976F-7DB6-4259-AFE8-D7D3A38DF937}.Debug|Any CPU.ActiveCfg = Debug|Any CPU
		{14A4976F-7DB6-4259-AFE8-D7D3A38DF937}.Debug|Any CPU.Build.0 = Debug|Any CPU
		{14A4976F-7DB6-4259-AFE8-D7D3A38DF937}.Release|Any CPU.ActiveCfg = Release|Any CPU
		{14A4976F-7DB6-4259-AFE8-D7D3A38DF937}.Release|Any CPU.Build.0 = Release|Any CPU
		{72C991EA-7288-483C-96EA-DEF750F532D5}.Debug|Any CPU.ActiveCfg = Debug|Any CPU
		{72C991EA-7288-483C-96EA-DEF750F532D5}.Debug|Any CPU.Build.0 = Debug|Any CPU
		{72C991EA-7288-483C-96EA-DEF750F532D5}.Release|Any CPU.ActiveCfg = Release|Any CPU
		{72C991EA-7288-483C-96EA-DEF750F532D5}.Release|Any CPU.Build.0 = Release|Any CPU
	EndGlobalSection
	GlobalSection(SolutionProperties) = preSolution
		HideSolutionNode = FALSE
	EndGlobalSection
	GlobalSection(ExtensibilityGlobals) = postSolution
		SolutionGuid = {B7A8A20E-DC73-4658-8D64-FAADBD6F6BAB}
	EndGlobalSection
EndGlobal
